
Microsoft Visual Studio Solution File, Format Version 11.00
# Visual Studio 2010
Project("{2150E333-8FDC-42A3-9474-1A3956D46DE8}") = "Lib", "Lib", "{0305A253-FFCD-437B-9A69-81B19F3E55C6}"
EndProject
Project("{8BC9CEB8-8B4A-11D0-8D11-00A0C91BC942}") = "Execution", "Execution\Execution.vcxproj", "{5E44A551-201A-465A-8C55-0A021DE979C4}"
EndProject
Project("{2150E333-8FDC-42A3-9474-1A3956D46DE8}") = "XO", "XO", "{3FBBDA81-5686-483F-8FF0-21920EA149FF}"
EndProject
Project("{8BC9CEB8-8B4A-11D0-8D11-00A0C91BC942}") = "XO.Tester", "XO.Tester\XO.Tester.vcxproj", "{FB39FF8E-7AE0-4DF8-86A5-5A8DB8A39A08}"
	ProjectSection(ProjectDependencies) = postProject
		{5E44A551-201A-465A-8C55-0A021DE979C4} = {5E44A551-201A-465A-8C55-0A021DE979C4}
	EndProjectSection
EndProject
Project("{8BC9CEB8-8B4A-11D0-8D11-00A0C91BC942}") = "XO.Sample", "XO.Sample\XO.Sample.vcxproj", "{D8A46834-0BA2-460A-98F2-CBD598E48A4C}"
EndProject
Project("{8BC9CEB8-8B4A-11D0-8D11-00A0C91BC942}") = "Visualizer", "Visualizer\Visualizer.vcxproj", "{F1CAA5FD-D794-4FEC-99EB-F2859D2A0F4E}"
EndProject
Project("{8BC9CEB8-8B4A-11D0-8D11-00A0C91BC942}") = "XO.Visualizer", "XO.Visualizer\XO.Visualizer.vcxproj", "{B05ED741-AC00-47FF-81F8-1A5B62D72D3A}"
	ProjectSection(ProjectDependencies) = postProject
		{F1CAA5FD-D794-4FEC-99EB-F2859D2A0F4E} = {F1CAA5FD-D794-4FEC-99EB-F2859D2A0F4E}
	EndProjectSection
EndProject
Project("{2150E333-8FDC-42A3-9474-1A3956D46DE8}") = "Maxit", "Maxit", "{77186D08-783F-48B1-9CCF-7B66A0A4F12E}"
EndProject
Project("{8BC9CEB8-8B4A-11D0-8D11-00A0C91BC942}") = "Maxit.Tester", "Maxit.Tester\Maxit.Tester.vcxproj", "{071F1022-061E-49F1-9145-5E7A224B447C}"
	ProjectSection(ProjectDependencies) = postProject
		{5E44A551-201A-465A-8C55-0A021DE979C4} = {5E44A551-201A-465A-8C55-0A021DE979C4}
	EndProjectSection
EndProject
Project("{8BC9CEB8-8B4A-11D0-8D11-00A0C91BC942}") = "Maxit.Sample", "Maxit.Sample\Maxit.Sample.vcxproj", "{2241B2F0-F95B-47A7-B36E-37BEC2D2D5D0}"
EndProject
Project("{8BC9CEB8-8B4A-11D0-8D11-00A0C91BC942}") = "Maxit.Visualizer", "Maxit.Visualizer\Maxit.Visualizer.vcxproj", "{0DDE7544-6095-4BC8-BE9D-6EC673EFD485}"
	ProjectSection(ProjectDependencies) = postProject
		{F1CAA5FD-D794-4FEC-99EB-F2859D2A0F4E} = {F1CAA5FD-D794-4FEC-99EB-F2859D2A0F4E}
	EndProjectSection
EndProject
Project("{2150E333-8FDC-42A3-9474-1A3956D46DE8}") = "Kamisado", "Kamisado", "{7B1681BF-9FC0-4D67-9DB3-8B6A796473BC}"
EndProject
Project("{8BC9CEB8-8B4A-11D0-8D11-00A0C91BC942}") = "Kamisado.Visualizer", "Kamisado.Visualizer\Kamisado.Visualizer.vcxproj", "{C07FD0ED-720C-4FED-A811-FB8AD952C595}"
	ProjectSection(ProjectDependencies) = postProject
		{F1CAA5FD-D794-4FEC-99EB-F2859D2A0F4E} = {F1CAA5FD-D794-4FEC-99EB-F2859D2A0F4E}
	EndProjectSection
EndProject
Project("{8BC9CEB8-8B4A-11D0-8D11-00A0C91BC942}") = "Kamisado.Tester", "Kamisado.Tester\Kamisado.Tester.vcxproj", "{981F266E-9D94-42E7-AB7C-81D11C05AEE1}"
	ProjectSection(ProjectDependencies) = postProject
		{5E44A551-201A-465A-8C55-0A021DE979C4} = {5E44A551-201A-465A-8C55-0A021DE979C4}
	EndProjectSection
EndProject
Project("{8BC9CEB8-8B4A-11D0-8D11-00A0C91BC942}") = "Kamisado.Sample", "Kamisado.Sample\Kamisado.Sample.vcxproj", "{6A5B87B4-F166-4A04-BC7A-220D3B4E5E71}"
EndProject
Project("{2150E333-8FDC-42A3-9474-1A3956D46DE8}") = "XO4", "XO4", "{E2E16FE1-4F38-4239-ABA1-7EAD72863697}"
EndProject
Project("{8BC9CEB8-8B4A-11D0-8D11-00A0C91BC942}") = "XO4.Sample", "XO4.Sample\XO4.Sample.vcxproj", "{363039D5-B122-4675-8CA7-E78531DAE3E4}"
EndProject
Project("{8BC9CEB8-8B4A-11D0-8D11-00A0C91BC942}") = "XO4.Tester", "XO4.Tester\XO4.Tester.vcxproj", "{3C9588DD-5781-486E-814F-B4BDE9B27A5E}"
	ProjectSection(ProjectDependencies) = postProject
		{5E44A551-201A-465A-8C55-0A021DE979C4} = {5E44A551-201A-465A-8C55-0A021DE979C4}
	EndProjectSection
EndProject
Project("{8BC9CEB8-8B4A-11D0-8D11-00A0C91BC942}") = "XO4.Visualizer", "XO4.Visualizer\XO4.Visualizer.vcxproj", "{CF68F195-AE50-44FC-BACA-EA9E2883AC1F}"
	ProjectSection(ProjectDependencies) = postProject
		{F1CAA5FD-D794-4FEC-99EB-F2859D2A0F4E} = {F1CAA5FD-D794-4FEC-99EB-F2859D2A0F4E}
	EndProjectSection
EndProject
Project("{2150E333-8FDC-42A3-9474-1A3956D46DE8}") = "Tanks", "Tanks", "{89A674F7-05D1-4BED-AE64-C8D0DEB97F27}"
EndProject
Project("{8BC9CEB8-8B4A-11D0-8D11-00A0C91BC942}") = "Tanks.Sample", "Tanks.Sample\Tanks.Sample.vcxproj", "{D2216C6D-B54E-402A-B3AE-D94C9539F492}"
EndProject
Project("{8BC9CEB8-8B4A-11D0-8D11-00A0C91BC942}") = "Tanks.Tester", "Tanks.Tester\Tanks.Tester.vcxproj", "{BC0E939E-094E-476A-8CFA-C328B7633AAD}"
	ProjectSection(ProjectDependencies) = postProject
		{5E44A551-201A-465A-8C55-0A021DE979C4} = {5E44A551-201A-465A-8C55-0A021DE979C4}
	EndProjectSection
EndProject
Project("{8BC9CEB8-8B4A-11D0-8D11-00A0C91BC942}") = "Tanks.Visualizer", "Tanks.Visualizer\Tanks.Visualizer.vcxproj", "{67185EF7-3B21-40CD-8A3D-386F0B6320D7}"
	ProjectSection(ProjectDependencies) = postProject
		{F1CAA5FD-D794-4FEC-99EB-F2859D2A0F4E} = {F1CAA5FD-D794-4FEC-99EB-F2859D2A0F4E}
	EndProjectSection
EndProject
Project("{2150E333-8FDC-42A3-9474-1A3956D46DE8}") = "BattleShips", "BattleShips", "{B8004801-BA05-442B-9D2E-ADB414BE3595}"
EndProject
Project("{8BC9CEB8-8B4A-11D0-8D11-00A0C91BC942}") = "BattleShips.Sample", "BattleShips.Sample\BattleShips.Sample.vcxproj", "{281C9DC2-A9DE-45C8-B95F-45752D232543}"
EndProject
Project("{8BC9CEB8-8B4A-11D0-8D11-00A0C91BC942}") = "BattleShips.Tester", "BattleShips.Tester\BattleShips.Tester.vcxproj", "{3A93C022-1A1F-4E84-8EF8-2510A02C5A80}"
	ProjectSection(ProjectDependencies) = postProject
		{5E44A551-201A-465A-8C55-0A021DE979C4} = {5E44A551-201A-465A-8C55-0A021DE979C4}
	EndProjectSection
EndProject
Project("{8BC9CEB8-8B4A-11D0-8D11-00A0C91BC942}") = "BattleShips.Visualizer", "BattleShips.Visualizer\BattleShips.Visualizer.vcxproj", "{192486F2-60FB-4D71-9ECB-113E1538EF7F}"
	ProjectSection(ProjectDependencies) = postProject
		{F1CAA5FD-D794-4FEC-99EB-F2859D2A0F4E} = {F1CAA5FD-D794-4FEC-99EB-F2859D2A0F4E}
	EndProjectSection
EndProject
Project("{2150E333-8FDC-42A3-9474-1A3956D46DE8}") = "Tanks2", "Tanks2", "{876DBF76-0A0F-4A4F-830D-7958C583FC30}"
EndProject
Project("{8BC9CEB8-8B4A-11D0-8D11-00A0C91BC942}") = "Tanks2.Sample", "Tanks2.Sample\Tanks2.Sample.vcxproj", "{A12E049B-1564-4DB1-A640-CABFFC177279}"
EndProject
Project("{8BC9CEB8-8B4A-11D0-8D11-00A0C91BC942}") = "Tanks2.Tester", "Tanks2.Tester\Tanks2.Tester.vcxproj", "{4A263229-E2AC-462F-ABC2-FDCC9699202D}"
	ProjectSection(ProjectDependencies) = postProject
		{5E44A551-201A-465A-8C55-0A021DE979C4} = {5E44A551-201A-465A-8C55-0A021DE979C4}
	EndProjectSection
EndProject
Project("{8BC9CEB8-8B4A-11D0-8D11-00A0C91BC942}") = "Tanks2.Visualizer", "Tanks2.Visualizer\Tanks2.Visualizer.vcxproj", "{2314E7B9-6730-41C2-B1FA-FAE0D16DB027}"
	ProjectSection(ProjectDependencies) = postProject
		{F1CAA5FD-D794-4FEC-99EB-F2859D2A0F4E} = {F1CAA5FD-D794-4FEC-99EB-F2859D2A0F4E}
	EndProjectSection
EndProject
Global
	GlobalSection(SolutionConfigurationPlatforms) = preSolution
		Debug|Win32 = Debug|Win32
		Release|Win32 = Release|Win32
	EndGlobalSection
	GlobalSection(ProjectConfigurationPlatforms) = postSolution
		{5E44A551-201A-465A-8C55-0A021DE979C4}.Debug|Win32.ActiveCfg = Debug|Win32
		{5E44A551-201A-465A-8C55-0A021DE979C4}.Debug|Win32.Build.0 = Debug|Win32
		{5E44A551-201A-465A-8C55-0A021DE979C4}.Release|Win32.ActiveCfg = Release|Win32
		{5E44A551-201A-465A-8C55-0A021DE979C4}.Release|Win32.Build.0 = Release|Win32
		{FB39FF8E-7AE0-4DF8-86A5-5A8DB8A39A08}.Debug|Win32.ActiveCfg = Debug|Win32
		{FB39FF8E-7AE0-4DF8-86A5-5A8DB8A39A08}.Debug|Win32.Build.0 = Debug|Win32
		{FB39FF8E-7AE0-4DF8-86A5-5A8DB8A39A08}.Release|Win32.ActiveCfg = Release|Win32
		{FB39FF8E-7AE0-4DF8-86A5-5A8DB8A39A08}.Release|Win32.Build.0 = Release|Win32
		{D8A46834-0BA2-460A-98F2-CBD598E48A4C}.Debug|Win32.ActiveCfg = Debug|Win32
		{D8A46834-0BA2-460A-98F2-CBD598E48A4C}.Debug|Win32.Build.0 = Debug|Win32
		{D8A46834-0BA2-460A-98F2-CBD598E48A4C}.Release|Win32.ActiveCfg = Release|Win32
		{D8A46834-0BA2-460A-98F2-CBD598E48A4C}.Release|Win32.Build.0 = Release|Win32
		{F1CAA5FD-D794-4FEC-99EB-F2859D2A0F4E}.Debug|Win32.ActiveCfg = Debug|Win32
		{F1CAA5FD-D794-4FEC-99EB-F2859D2A0F4E}.Debug|Win32.Build.0 = Debug|Win32
		{F1CAA5FD-D794-4FEC-99EB-F2859D2A0F4E}.Release|Win32.ActiveCfg = Release|Win32
		{F1CAA5FD-D794-4FEC-99EB-F2859D2A0F4E}.Release|Win32.Build.0 = Release|Win32
		{B05ED741-AC00-47FF-81F8-1A5B62D72D3A}.Debug|Win32.ActiveCfg = Debug|Win32
		{B05ED741-AC00-47FF-81F8-1A5B62D72D3A}.Debug|Win32.Build.0 = Debug|Win32
		{B05ED741-AC00-47FF-81F8-1A5B62D72D3A}.Release|Win32.ActiveCfg = Release|Win32
		{B05ED741-AC00-47FF-81F8-1A5B62D72D3A}.Release|Win32.Build.0 = Release|Win32
		{071F1022-061E-49F1-9145-5E7A224B447C}.Debug|Win32.ActiveCfg = Debug|Win32
		{071F1022-061E-49F1-9145-5E7A224B447C}.Debug|Win32.Build.0 = Debug|Win32
		{071F1022-061E-49F1-9145-5E7A224B447C}.Release|Win32.ActiveCfg = Release|Win32
		{071F1022-061E-49F1-9145-5E7A224B447C}.Release|Win32.Build.0 = Release|Win32
		{2241B2F0-F95B-47A7-B36E-37BEC2D2D5D0}.Debug|Win32.ActiveCfg = Debug|Win32
		{2241B2F0-F95B-47A7-B36E-37BEC2D2D5D0}.Debug|Win32.Build.0 = Debug|Win32
		{2241B2F0-F95B-47A7-B36E-37BEC2D2D5D0}.Release|Win32.ActiveCfg = Release|Win32
		{2241B2F0-F95B-47A7-B36E-37BEC2D2D5D0}.Release|Win32.Build.0 = Release|Win32
		{0DDE7544-6095-4BC8-BE9D-6EC673EFD485}.Debug|Win32.ActiveCfg = Debug|Win32
		{0DDE7544-6095-4BC8-BE9D-6EC673EFD485}.Debug|Win32.Build.0 = Debug|Win32
		{0DDE7544-6095-4BC8-BE9D-6EC673EFD485}.Release|Win32.ActiveCfg = Release|Win32
		{0DDE7544-6095-4BC8-BE9D-6EC673EFD485}.Release|Win32.Build.0 = Release|Win32
		{C07FD0ED-720C-4FED-A811-FB8AD952C595}.Debug|Win32.ActiveCfg = Debug|Win32
		{C07FD0ED-720C-4FED-A811-FB8AD952C595}.Debug|Win32.Build.0 = Debug|Win32
		{C07FD0ED-720C-4FED-A811-FB8AD952C595}.Release|Win32.ActiveCfg = Release|Win32
		{C07FD0ED-720C-4FED-A811-FB8AD952C595}.Release|Win32.Build.0 = Release|Win32
		{981F266E-9D94-42E7-AB7C-81D11C05AEE1}.Debug|Win32.ActiveCfg = Debug|Win32
		{981F266E-9D94-42E7-AB7C-81D11C05AEE1}.Debug|Win32.Build.0 = Debug|Win32
		{981F266E-9D94-42E7-AB7C-81D11C05AEE1}.Release|Win32.ActiveCfg = Release|Win32
		{981F266E-9D94-42E7-AB7C-81D11C05AEE1}.Release|Win32.Build.0 = Release|Win32
		{6A5B87B4-F166-4A04-BC7A-220D3B4E5E71}.Debug|Win32.ActiveCfg = Debug|Win32
		{6A5B87B4-F166-4A04-BC7A-220D3B4E5E71}.Debug|Win32.Build.0 = Debug|Win32
		{6A5B87B4-F166-4A04-BC7A-220D3B4E5E71}.Release|Win32.ActiveCfg = Release|Win32
		{6A5B87B4-F166-4A04-BC7A-220D3B4E5E71}.Release|Win32.Build.0 = Release|Win32
		{363039D5-B122-4675-8CA7-E78531DAE3E4}.Debug|Win32.ActiveCfg = Debug|Win32
		{363039D5-B122-4675-8CA7-E78531DAE3E4}.Debug|Win32.Build.0 = Debug|Win32
		{363039D5-B122-4675-8CA7-E78531DAE3E4}.Release|Win32.ActiveCfg = Release|Win32
		{363039D5-B122-4675-8CA7-E78531DAE3E4}.Release|Win32.Build.0 = Release|Win32
		{3C9588DD-5781-486E-814F-B4BDE9B27A5E}.Debug|Win32.ActiveCfg = Debug|Win32
		{3C9588DD-5781-486E-814F-B4BDE9B27A5E}.Debug|Win32.Build.0 = Debug|Win32
		{3C9588DD-5781-486E-814F-B4BDE9B27A5E}.Release|Win32.ActiveCfg = Release|Win32
		{3C9588DD-5781-486E-814F-B4BDE9B27A5E}.Release|Win32.Build.0 = Release|Win32
		{CF68F195-AE50-44FC-BACA-EA9E2883AC1F}.Debug|Win32.ActiveCfg = Debug|Win32
		{CF68F195-AE50-44FC-BACA-EA9E2883AC1F}.Debug|Win32.Build.0 = Debug|Win32
		{CF68F195-AE50-44FC-BACA-EA9E2883AC1F}.Release|Win32.ActiveCfg = Release|Win32
		{CF68F195-AE50-44FC-BACA-EA9E2883AC1F}.Release|Win32.Build.0 = Release|Win32
		{D2216C6D-B54E-402A-B3AE-D94C9539F492}.Debug|Win32.ActiveCfg = Debug|Win32
		{D2216C6D-B54E-402A-B3AE-D94C9539F492}.Debug|Win32.Build.0 = Debug|Win32
		{D2216C6D-B54E-402A-B3AE-D94C9539F492}.Release|Win32.ActiveCfg = Release|Win32
		{D2216C6D-B54E-402A-B3AE-D94C9539F492}.Release|Win32.Build.0 = Release|Win32
		{BC0E939E-094E-476A-8CFA-C328B7633AAD}.Debug|Win32.ActiveCfg = Debug|Win32
		{BC0E939E-094E-476A-8CFA-C328B7633AAD}.Debug|Win32.Build.0 = Debug|Win32
		{BC0E939E-094E-476A-8CFA-C328B7633AAD}.Release|Win32.ActiveCfg = Release|Win32
		{BC0E939E-094E-476A-8CFA-C328B7633AAD}.Release|Win32.Build.0 = Release|Win32
		{67185EF7-3B21-40CD-8A3D-386F0B6320D7}.Debug|Win32.ActiveCfg = Debug|Win32
		{67185EF7-3B21-40CD-8A3D-386F0B6320D7}.Debug|Win32.Build.0 = Debug|Win32
		{67185EF7-3B21-40CD-8A3D-386F0B6320D7}.Release|Win32.ActiveCfg = Release|Win32
		{67185EF7-3B21-40CD-8A3D-386F0B6320D7}.Release|Win32.Build.0 = Release|Win32
		{281C9DC2-A9DE-45C8-B95F-45752D232543}.Debug|Win32.ActiveCfg = Debug|Win32
		{281C9DC2-A9DE-45C8-B95F-45752D232543}.Debug|Win32.Build.0 = Debug|Win32
		{281C9DC2-A9DE-45C8-B95F-45752D232543}.Release|Win32.ActiveCfg = Release|Win32
		{281C9DC2-A9DE-45C8-B95F-45752D232543}.Release|Win32.Build.0 = Release|Win32
		{3A93C022-1A1F-4E84-8EF8-2510A02C5A80}.Debug|Win32.ActiveCfg = Debug|Win32
		{3A93C022-1A1F-4E84-8EF8-2510A02C5A80}.Debug|Win32.Build.0 = Debug|Win32
		{3A93C022-1A1F-4E84-8EF8-2510A02C5A80}.Release|Win32.ActiveCfg = Release|Win32
		{3A93C022-1A1F-4E84-8EF8-2510A02C5A80}.Release|Win32.Build.0 = Release|Win32
		{192486F2-60FB-4D71-9ECB-113E1538EF7F}.Debug|Win32.ActiveCfg = Debug|Win32
		{192486F2-60FB-4D71-9ECB-113E1538EF7F}.Debug|Win32.Build.0 = Debug|Win32
		{192486F2-60FB-4D71-9ECB-113E1538EF7F}.Release|Win32.ActiveCfg = Release|Win32
		{192486F2-60FB-4D71-9ECB-113E1538EF7F}.Release|Win32.Build.0 = Release|Win32
		{A12E049B-1564-4DB1-A640-CABFFC177279}.Debug|Win32.ActiveCfg = Debug|Win32
		{A12E049B-1564-4DB1-A640-CABFFC177279}.Debug|Win32.Build.0 = Debug|Win32
		{A12E049B-1564-4DB1-A640-CABFFC177279}.Release|Win32.ActiveCfg = Release|Win32
		{A12E049B-1564-4DB1-A640-CABFFC177279}.Release|Win32.Build.0 = Release|Win32
		{4A263229-E2AC-462F-ABC2-FDCC9699202D}.Debug|Win32.ActiveCfg = Debug|Win32
		{4A263229-E2AC-462F-ABC2-FDCC9699202D}.Debug|Win32.Build.0 = Debug|Win32
		{4A263229-E2AC-462F-ABC2-FDCC9699202D}.Release|Win32.ActiveCfg = Release|Win32
		{4A263229-E2AC-462F-ABC2-FDCC9699202D}.Release|Win32.Build.0 = Release|Win32
		{2314E7B9-6730-41C2-B1FA-FAE0D16DB027}.Debug|Win32.ActiveCfg = Debug|Win32
		{2314E7B9-6730-41C2-B1FA-FAE0D16DB027}.Debug|Win32.Build.0 = Debug|Win32
		{2314E7B9-6730-41C2-B1FA-FAE0D16DB027}.Release|Win32.ActiveCfg = Release|Win32
		{2314E7B9-6730-41C2-B1FA-FAE0D16DB027}.Release|Win32.Build.0 = Release|Win32
	EndGlobalSection
	GlobalSection(SolutionProperties) = preSolution
		HideSolutionNode = FALSE
	EndGlobalSection
	GlobalSection(NestedProjects) = preSolution
		{5E44A551-201A-465A-8C55-0A021DE979C4} = {0305A253-FFCD-437B-9A69-81B19F3E55C6}
		{F1CAA5FD-D794-4FEC-99EB-F2859D2A0F4E} = {0305A253-FFCD-437B-9A69-81B19F3E55C6}
		{FB39FF8E-7AE0-4DF8-86A5-5A8DB8A39A08} = {3FBBDA81-5686-483F-8FF0-21920EA149FF}
		{D8A46834-0BA2-460A-98F2-CBD598E48A4C} = {3FBBDA81-5686-483F-8FF0-21920EA149FF}
		{B05ED741-AC00-47FF-81F8-1A5B62D72D3A} = {3FBBDA81-5686-483F-8FF0-21920EA149FF}
		{071F1022-061E-49F1-9145-5E7A224B447C} = {77186D08-783F-48B1-9CCF-7B66A0A4F12E}
		{2241B2F0-F95B-47A7-B36E-37BEC2D2D5D0} = {77186D08-783F-48B1-9CCF-7B66A0A4F12E}
		{0DDE7544-6095-4BC8-BE9D-6EC673EFD485} = {77186D08-783F-48B1-9CCF-7B66A0A4F12E}
		{C07FD0ED-720C-4FED-A811-FB8AD952C595} = {7B1681BF-9FC0-4D67-9DB3-8B6A796473BC}
		{981F266E-9D94-42E7-AB7C-81D11C05AEE1} = {7B1681BF-9FC0-4D67-9DB3-8B6A796473BC}
		{6A5B87B4-F166-4A04-BC7A-220D3B4E5E71} = {7B1681BF-9FC0-4D67-9DB3-8B6A796473BC}
		{363039D5-B122-4675-8CA7-E78531DAE3E4} = {E2E16FE1-4F38-4239-ABA1-7EAD72863697}
		{3C9588DD-5781-486E-814F-B4BDE9B27A5E} = {E2E16FE1-4F38-4239-ABA1-7EAD72863697}
		{CF68F195-AE50-44FC-BACA-EA9E2883AC1F} = {E2E16FE1-4F38-4239-ABA1-7EAD72863697}
		{D2216C6D-B54E-402A-B3AE-D94C9539F492} = {89A674F7-05D1-4BED-AE64-C8D0DEB97F27}
		{BC0E939E-094E-476A-8CFA-C328B7633AAD} = {89A674F7-05D1-4BED-AE64-C8D0DEB97F27}
		{67185EF7-3B21-40CD-8A3D-386F0B6320D7} = {89A674F7-05D1-4BED-AE64-C8D0DEB97F27}
		{281C9DC2-A9DE-45C8-B95F-45752D232543} = {B8004801-BA05-442B-9D2E-ADB414BE3595}
		{3A93C022-1A1F-4E84-8EF8-2510A02C5A80} = {B8004801-BA05-442B-9D2E-ADB414BE3595}
		{192486F2-60FB-4D71-9ECB-113E1538EF7F} = {B8004801-BA05-442B-9D2E-ADB414BE3595}
		{A12E049B-1564-4DB1-A640-CABFFC177279} = {876DBF76-0A0F-4A4F-830D-7958C583FC30}
		{4A263229-E2AC-462F-ABC2-FDCC9699202D} = {876DBF76-0A0F-4A4F-830D-7958C583FC30}
		{2314E7B9-6730-41C2-B1FA-FAE0D16DB027} = {876DBF76-0A0F-4A4F-830D-7958C583FC30}
	EndGlobalSection
	GlobalSection(ExtensibilityGlobals) = postSolution
		QtVersion = 4.8.6
	EndGlobalSection
EndGlobal
